// !$*UTF8*$!
{
	archiveVersion = 1;
	classes = {
	};
	objectVersion = 46;
	objects = {

/* Begin PBXBuildFile section */
		4C1290614988D61FC947F9A3 /* Pods_SHIELDTests.framework in Frameworks */ = {isa = PBXBuildFile; fileRef = 6507B4B6611B84992AA46CD7 /* Pods_SHIELDTests.framework */; };
		50F3ABF54CD66F0456BF2D2C /* Pods_SHIELD.framework in Frameworks */ = {isa = PBXBuildFile; fileRef = A5471DD7F58203B9086E81E6 /* Pods_SHIELD.framework */; };
		955DBD821FC43D1700D191D9 /* AppDelegate.swift in Sources */ = {isa = PBXBuildFile; fileRef = 955DBD811FC43D1700D191D9 /* AppDelegate.swift */; };
		955DBD871FC43D1700D191D9 /* Main.storyboard in Resources */ = {isa = PBXBuildFile; fileRef = 955DBD851FC43D1700D191D9 /* Main.storyboard */; };
		955DBD891FC43D1700D191D9 /* Assets.xcassets in Resources */ = {isa = PBXBuildFile; fileRef = 955DBD881FC43D1700D191D9 /* Assets.xcassets */; };
		955DBD8C1FC43D1700D191D9 /* LaunchScreen.storyboard in Resources */ = {isa = PBXBuildFile; fileRef = 955DBD8A1FC43D1700D191D9 /* LaunchScreen.storyboard */; };
		955DBD971FC43D1700D191D9 /* SHIELDTests.swift in Sources */ = {isa = PBXBuildFile; fileRef = 955DBD961FC43D1700D191D9 /* SHIELDTests.swift */; };
		955DBDA21FC43D1700D191D9 /* SHIELDUITests.swift in Sources */ = {isa = PBXBuildFile; fileRef = 955DBDA11FC43D1700D191D9 /* SHIELDUITests.swift */; };
		955DBDB41FC486EB00D191D9 /* GoogleService-Info.plist in Resources */ = {isa = PBXBuildFile; fileRef = 955DBDB31FC486EB00D191D9 /* GoogleService-Info.plist */; };
		9570FFBD20029E7B00DF4A07 /* MembersTableViewCell.swift in Sources */ = {isa = PBXBuildFile; fileRef = 9570FFBC20029E7B00DF4A07 /* MembersTableViewCell.swift */; };
		9570FFBF20029E8E00DF4A07 /* MembersViewController.swift in Sources */ = {isa = PBXBuildFile; fileRef = 9570FFBE20029E8E00DF4A07 /* MembersViewController.swift */; };
		9570FFC72003EA1B00DF4A07 /* ProfileViewController.swift in Sources */ = {isa = PBXBuildFile; fileRef = 9570FFC62003EA1B00DF4A07 /* ProfileViewController.swift */; };
		9570FFCA2003EEF100DF4A07 /* ProfileTableViewCell.swift in Sources */ = {isa = PBXBuildFile; fileRef = 9570FFC92003EEF100DF4A07 /* ProfileTableViewCell.swift */; };
		95BFD97D2008F56B00F65439 /* data.json in Resources */ = {isa = PBXBuildFile; fileRef = 95BFD97C2008F56B00F65439 /* data.json */; };
		95BFD97F2008F80B00F65439 /* DepartmentMessagesViewController.swift in Sources */ = {isa = PBXBuildFile; fileRef = 95BFD97E2008F80B00F65439 /* DepartmentMessagesViewController.swift */; };
		95BFD9812008F95D00F65439 /* departmentMessagesTableViewCell.swift in Sources */ = {isa = PBXBuildFile; fileRef = 95BFD9802008F95D00F65439 /* departmentMessagesTableViewCell.swift */; };
		95BFD9832008FBFD00F65439 /* RippleEffect.swift in Sources */ = {isa = PBXBuildFile; fileRef = 95BFD9822008FBFD00F65439 /* RippleEffect.swift */; };
		95E350B520151DDC0090AABE /* HomeTabBarController.swift in Sources */ = {isa = PBXBuildFile; fileRef = 95E350B420151DDC0090AABE /* HomeTabBarController.swift */; };
		C3B014DB6CECB44CCF41E6BA /* Pods_SHIELDUITests.framework in Frameworks */ = {isa = PBXBuildFile; fileRef = AF14DC977C5A8A86ACC5E142 /* Pods_SHIELDUITests.framework */; };
/* End PBXBuildFile section */

/* Begin PBXContainerItemProxy section */
		955DBD931FC43D1700D191D9 /* PBXContainerItemProxy */ = {
			isa = PBXContainerItemProxy;
			containerPortal = 955DBD761FC43D1700D191D9 /* Project object */;
			proxyType = 1;
			remoteGlobalIDString = 955DBD7D1FC43D1700D191D9;
			remoteInfo = SHIELD;
		};
		955DBD9E1FC43D1700D191D9 /* PBXContainerItemProxy */ = {
			isa = PBXContainerItemProxy;
			containerPortal = 955DBD761FC43D1700D191D9 /* Project object */;
			proxyType = 1;
			remoteGlobalIDString = 955DBD7D1FC43D1700D191D9;
			remoteInfo = SHIELD;
		};
/* End PBXContainerItemProxy section */

/* Begin PBXFileReference section */
		0B761AB91FE9B712270AC92D /* Pods-SHIELDUITests.debug.xcconfig */ = {isa = PBXFileReference; includeInIndex = 1; lastKnownFileType = text.xcconfig; name = "Pods-SHIELDUITests.debug.xcconfig"; path = "Pods/Target Support Files/Pods-SHIELDUITests/Pods-SHIELDUITests.debug.xcconfig"; sourceTree = "<group>"; };
		38A9FDD133B6D02835AD505A /* Pods-SHIELDTests.release.xcconfig */ = {isa = PBXFileReference; includeInIndex = 1; lastKnownFileType = text.xcconfig; name = "Pods-SHIELDTests.release.xcconfig"; path = "Pods/Target Support Files/Pods-SHIELDTests/Pods-SHIELDTests.release.xcconfig"; sourceTree = "<group>"; };
		403C9623256445CB05639EDC /* Pods-SHIELD.debug.xcconfig */ = {isa = PBXFileReference; includeInIndex = 1; lastKnownFileType = text.xcconfig; name = "Pods-SHIELD.debug.xcconfig"; path = "Pods/Target Support Files/Pods-SHIELD/Pods-SHIELD.debug.xcconfig"; sourceTree = "<group>"; };
		4DEE30880843FB9ABB86A8C7 /* Pods-SHIELDUITests.release.xcconfig */ = {isa = PBXFileReference; includeInIndex = 1; lastKnownFileType = text.xcconfig; name = "Pods-SHIELDUITests.release.xcconfig"; path = "Pods/Target Support Files/Pods-SHIELDUITests/Pods-SHIELDUITests.release.xcconfig"; sourceTree = "<group>"; };
		5ECB8E7F638245331B2A7CB4 /* Pods-SHIELD.release.xcconfig */ = {isa = PBXFileReference; includeInIndex = 1; lastKnownFileType = text.xcconfig; name = "Pods-SHIELD.release.xcconfig"; path = "Pods/Target Support Files/Pods-SHIELD/Pods-SHIELD.release.xcconfig"; sourceTree = "<group>"; };
		6507B4B6611B84992AA46CD7 /* Pods_SHIELDTests.framework */ = {isa = PBXFileReference; explicitFileType = wrapper.framework; includeInIndex = 0; path = Pods_SHIELDTests.framework; sourceTree = BUILT_PRODUCTS_DIR; };
		955DBD7E1FC43D1700D191D9 /* SHIELD.app */ = {isa = PBXFileReference; explicitFileType = wrapper.application; includeInIndex = 0; path = SHIELD.app; sourceTree = BUILT_PRODUCTS_DIR; };
		955DBD811FC43D1700D191D9 /* AppDelegate.swift */ = {isa = PBXFileReference; lastKnownFileType = sourcecode.swift; path = AppDelegate.swift; sourceTree = "<group>"; };
		955DBD861FC43D1700D191D9 /* Base */ = {isa = PBXFileReference; lastKnownFileType = file.storyboard; name = Base; path = Base.lproj/Main.storyboard; sourceTree = "<group>"; };
		955DBD881FC43D1700D191D9 /* Assets.xcassets */ = {isa = PBXFileReference; lastKnownFileType = folder.assetcatalog; path = Assets.xcassets; sourceTree = "<group>"; };
		955DBD8B1FC43D1700D191D9 /* Base */ = {isa = PBXFileReference; lastKnownFileType = file.storyboard; name = Base; path = Base.lproj/LaunchScreen.storyboard; sourceTree = "<group>"; };
		955DBD8D1FC43D1700D191D9 /* Info.plist */ = {isa = PBXFileReference; lastKnownFileType = text.plist.xml; path = Info.plist; sourceTree = "<group>"; };
		955DBD921FC43D1700D191D9 /* SHIELDTests.xctest */ = {isa = PBXFileReference; explicitFileType = wrapper.cfbundle; includeInIndex = 0; path = SHIELDTests.xctest; sourceTree = BUILT_PRODUCTS_DIR; };
		955DBD961FC43D1700D191D9 /* SHIELDTests.swift */ = {isa = PBXFileReference; lastKnownFileType = sourcecode.swift; path = SHIELDTests.swift; sourceTree = "<group>"; };
		955DBD981FC43D1700D191D9 /* Info.plist */ = {isa = PBXFileReference; lastKnownFileType = text.plist.xml; path = Info.plist; sourceTree = "<group>"; };
		955DBD9D1FC43D1700D191D9 /* SHIELDUITests.xctest */ = {isa = PBXFileReference; explicitFileType = wrapper.cfbundle; includeInIndex = 0; path = SHIELDUITests.xctest; sourceTree = BUILT_PRODUCTS_DIR; };
		955DBDA11FC43D1700D191D9 /* SHIELDUITests.swift */ = {isa = PBXFileReference; lastKnownFileType = sourcecode.swift; path = SHIELDUITests.swift; sourceTree = "<group>"; };
		955DBDA31FC43D1700D191D9 /* Info.plist */ = {isa = PBXFileReference; lastKnownFileType = text.plist.xml; path = Info.plist; sourceTree = "<group>"; };
		955DBDB31FC486EB00D191D9 /* GoogleService-Info.plist */ = {isa = PBXFileReference; fileEncoding = 4; lastKnownFileType = text.plist.xml; path = "GoogleService-Info.plist"; sourceTree = "<group>"; };
		9570FFBC20029E7B00DF4A07 /* MembersTableViewCell.swift */ = {isa = PBXFileReference; lastKnownFileType = sourcecode.swift; path = MembersTableViewCell.swift; sourceTree = "<group>"; };
		9570FFBE20029E8E00DF4A07 /* MembersViewController.swift */ = {isa = PBXFileReference; lastKnownFileType = sourcecode.swift; path = MembersViewController.swift; sourceTree = "<group>"; };
		9570FFC62003EA1B00DF4A07 /* ProfileViewController.swift */ = {isa = PBXFileReference; lastKnownFileType = sourcecode.swift; path = ProfileViewController.swift; sourceTree = "<group>"; };
		9570FFC92003EEF100DF4A07 /* ProfileTableViewCell.swift */ = {isa = PBXFileReference; lastKnownFileType = sourcecode.swift; path = ProfileTableViewCell.swift; sourceTree = "<group>"; };
		95BFD97C2008F56B00F65439 /* data.json */ = {isa = PBXFileReference; fileEncoding = 4; lastKnownFileType = text.json; path = data.json; sourceTree = "<group>"; };
		95BFD97E2008F80B00F65439 /* DepartmentMessagesViewController.swift */ = {isa = PBXFileReference; lastKnownFileType = sourcecode.swift; path = DepartmentMessagesViewController.swift; sourceTree = "<group>"; };
		95BFD9802008F95D00F65439 /* departmentMessagesTableViewCell.swift */ = {isa = PBXFileReference; lastKnownFileType = sourcecode.swift; path = departmentMessagesTableViewCell.swift; sourceTree = "<group>"; };
		95BFD9822008FBFD00F65439 /* RippleEffect.swift */ = {isa = PBXFileReference; fileEncoding = 4; lastKnownFileType = sourcecode.swift; path = RippleEffect.swift; sourceTree = "<group>"; };
		95E350B420151DDC0090AABE /* HomeTabBarController.swift */ = {isa = PBXFileReference; lastKnownFileType = sourcecode.swift; path = HomeTabBarController.swift; sourceTree = "<group>"; };
		A5471DD7F58203B9086E81E6 /* Pods_SHIELD.framework */ = {isa = PBXFileReference; explicitFileType = wrapper.framework; includeInIndex = 0; path = Pods_SHIELD.framework; sourceTree = BUILT_PRODUCTS_DIR; };
		ABFCE6677E4CC759BA6C6C82 /* Pods-SHIELDTests.debug.xcconfig */ = {isa = PBXFileReference; includeInIndex = 1; lastKnownFileType = text.xcconfig; name = "Pods-SHIELDTests.debug.xcconfig"; path = "Pods/Target Support Files/Pods-SHIELDTests/Pods-SHIELDTests.debug.xcconfig"; sourceTree = "<group>"; };
		AF14DC977C5A8A86ACC5E142 /* Pods_SHIELDUITests.framework */ = {isa = PBXFileReference; explicitFileType = wrapper.framework; includeInIndex = 0; path = Pods_SHIELDUITests.framework; sourceTree = BUILT_PRODUCTS_DIR; };
/* End PBXFileReference section */

/* Begin PBXFrameworksBuildPhase section */
		955DBD7B1FC43D1700D191D9 /* Frameworks */ = {
			isa = PBXFrameworksBuildPhase;
			buildActionMask = 2147483647;
			files = (
				50F3ABF54CD66F0456BF2D2C /* Pods_SHIELD.framework in Frameworks */,
			);
			runOnlyForDeploymentPostprocessing = 0;
		};
		955DBD8F1FC43D1700D191D9 /* Frameworks */ = {
			isa = PBXFrameworksBuildPhase;
			buildActionMask = 2147483647;
			files = (
				4C1290614988D61FC947F9A3 /* Pods_SHIELDTests.framework in Frameworks */,
			);
			runOnlyForDeploymentPostprocessing = 0;
		};
		955DBD9A1FC43D1700D191D9 /* Frameworks */ = {
			isa = PBXFrameworksBuildPhase;
			buildActionMask = 2147483647;
			files = (
				C3B014DB6CECB44CCF41E6BA /* Pods_SHIELDUITests.framework in Frameworks */,
			);
			runOnlyForDeploymentPostprocessing = 0;
		};
/* End PBXFrameworksBuildPhase section */

/* Begin PBXGroup section */
		097C17B71299398622EBC6E4 /* Pods */ = {
			isa = PBXGroup;
			children = (
				403C9623256445CB05639EDC /* Pods-SHIELD.debug.xcconfig */,
				5ECB8E7F638245331B2A7CB4 /* Pods-SHIELD.release.xcconfig */,
				ABFCE6677E4CC759BA6C6C82 /* Pods-SHIELDTests.debug.xcconfig */,
				38A9FDD133B6D02835AD505A /* Pods-SHIELDTests.release.xcconfig */,
				0B761AB91FE9B712270AC92D /* Pods-SHIELDUITests.debug.xcconfig */,
				4DEE30880843FB9ABB86A8C7 /* Pods-SHIELDUITests.release.xcconfig */,
			);
			name = Pods;
			sourceTree = "<group>";
		};
		3D257F8370912E960FF7F821 /* Frameworks */ = {
			isa = PBXGroup;
			children = (
				A5471DD7F58203B9086E81E6 /* Pods_SHIELD.framework */,
				6507B4B6611B84992AA46CD7 /* Pods_SHIELDTests.framework */,
				AF14DC977C5A8A86ACC5E142 /* Pods_SHIELDUITests.framework */,
			);
			name = Frameworks;
			sourceTree = "<group>";
		};
		955DBD751FC43D1700D191D9 = {
			isa = PBXGroup;
			children = (
				955DBD801FC43D1700D191D9 /* SHIELD */,
				955DBD951FC43D1700D191D9 /* SHIELDTests */,
				955DBDA01FC43D1700D191D9 /* SHIELDUITests */,
				955DBD7F1FC43D1700D191D9 /* Products */,
				097C17B71299398622EBC6E4 /* Pods */,
				3D257F8370912E960FF7F821 /* Frameworks */,
			);
			sourceTree = "<group>";
		};
		955DBD7F1FC43D1700D191D9 /* Products */ = {
			isa = PBXGroup;
			children = (
				955DBD7E1FC43D1700D191D9 /* SHIELD.app */,
				955DBD921FC43D1700D191D9 /* SHIELDTests.xctest */,
				955DBD9D1FC43D1700D191D9 /* SHIELDUITests.xctest */,
			);
			name = Products;
			sourceTree = "<group>";
		};
		955DBD801FC43D1700D191D9 /* SHIELD */ = {
			isa = PBXGroup;
			children = (
				95E350B3201506DF0090AABE /* Helpers */,
				955DBD851FC43D1700D191D9 /* Main.storyboard */,
				955DBDB31FC486EB00D191D9 /* GoogleService-Info.plist */,
				955DBD8D1FC43D1700D191D9 /* Info.plist */,
				955DBD881FC43D1700D191D9 /* Assets.xcassets */,
				955DBD8A1FC43D1700D191D9 /* LaunchScreen.storyboard */,
				95BFD97C2008F56B00F65439 /* data.json */,
				95E350B12015069B0090AABE /* ViewControlllers */,
			);
			path = SHIELD;
			sourceTree = "<group>";
		};
		955DBD951FC43D1700D191D9 /* SHIELDTests */ = {
			isa = PBXGroup;
			children = (
				955DBD961FC43D1700D191D9 /* SHIELDTests.swift */,
				955DBD981FC43D1700D191D9 /* Info.plist */,
			);
			path = SHIELDTests;
			sourceTree = "<group>";
		};
		955DBDA01FC43D1700D191D9 /* SHIELDUITests */ = {
			isa = PBXGroup;
			children = (
				955DBDA11FC43D1700D191D9 /* SHIELDUITests.swift */,
				955DBDA31FC43D1700D191D9 /* Info.plist */,
			);
			path = SHIELDUITests;
			sourceTree = "<group>";
		};
		95E350B12015069B0090AABE /* ViewControlllers */ = {
			isa = PBXGroup;
			children = (
				95E350B420151DDC0090AABE /* HomeTabBarController.swift */,
				9570FFC62003EA1B00DF4A07 /* ProfileViewController.swift */,
				95BFD97E2008F80B00F65439 /* DepartmentMessagesViewController.swift */,
				9570FFBE20029E8E00DF4A07 /* MembersViewController.swift */,
			);
			path = ViewControlllers;
			sourceTree = "<group>";
		};
		95E350B3201506DF0090AABE /* Helpers */ = {
			isa = PBXGroup;
			children = (
				9570FFBC20029E7B00DF4A07 /* MembersTableViewCell.swift */,
				9570FFC92003EEF100DF4A07 /* ProfileTableViewCell.swift */,
				95BFD9802008F95D00F65439 /* departmentMessagesTableViewCell.swift */,
				95BFD9822008FBFD00F65439 /* RippleEffect.swift */,
				955DBD811FC43D1700D191D9 /* AppDelegate.swift */,
			);
			path = Helpers;
			sourceTree = "<group>";
		};
/* End PBXGroup section */

/* Begin PBXNativeTarget section */
		955DBD7D1FC43D1700D191D9 /* SHIELD */ = {
			isa = PBXNativeTarget;
			buildConfigurationList = 955DBDA61FC43D1700D191D9 /* Build configuration list for PBXNativeTarget "SHIELD" */;
			buildPhases = (
				83E500A3792945465F08C682 /* [CP] Check Pods Manifest.lock */,
				955DBD7A1FC43D1700D191D9 /* Sources */,
				955DBD7B1FC43D1700D191D9 /* Frameworks */,
				955DBD7C1FC43D1700D191D9 /* Resources */,
				BA8281C5D8131B7A85F79450 /* [CP] Embed Pods Frameworks */,
				C2100EE5B1426420BF68522F /* [CP] Copy Pods Resources */,
			);
			buildRules = (
			);
			dependencies = (
			);
			name = SHIELD;
			productName = SHIELD;
			productReference = 955DBD7E1FC43D1700D191D9 /* SHIELD.app */;
			productType = "com.apple.product-type.application";
		};
		955DBD911FC43D1700D191D9 /* SHIELDTests */ = {
			isa = PBXNativeTarget;
			buildConfigurationList = 955DBDA91FC43D1700D191D9 /* Build configuration list for PBXNativeTarget "SHIELDTests" */;
			buildPhases = (
				767F04765ED07EC3EB2B2D71 /* [CP] Check Pods Manifest.lock */,
				955DBD8E1FC43D1700D191D9 /* Sources */,
				955DBD8F1FC43D1700D191D9 /* Frameworks */,
				955DBD901FC43D1700D191D9 /* Resources */,
				6A335B4C1AB3C8F354B61717 /* [CP] Embed Pods Frameworks */,
				145949FC53C768730FADF6D0 /* [CP] Copy Pods Resources */,
			);
			buildRules = (
			);
			dependencies = (
				955DBD941FC43D1700D191D9 /* PBXTargetDependency */,
			);
			name = SHIELDTests;
			productName = SHIELDTests;
			productReference = 955DBD921FC43D1700D191D9 /* SHIELDTests.xctest */;
			productType = "com.apple.product-type.bundle.unit-test";
		};
		955DBD9C1FC43D1700D191D9 /* SHIELDUITests */ = {
			isa = PBXNativeTarget;
			buildConfigurationList = 955DBDAC1FC43D1700D191D9 /* Build configuration list for PBXNativeTarget "SHIELDUITests" */;
			buildPhases = (
				9BD8163B60835421986511F4 /* [CP] Check Pods Manifest.lock */,
				955DBD991FC43D1700D191D9 /* Sources */,
				955DBD9A1FC43D1700D191D9 /* Frameworks */,
				955DBD9B1FC43D1700D191D9 /* Resources */,
				5FC76258494763F70953CFDF /* [CP] Embed Pods Frameworks */,
				5B8B9BB4965E8DB1CEB4E689 /* [CP] Copy Pods Resources */,
			);
			buildRules = (
			);
			dependencies = (
				955DBD9F1FC43D1700D191D9 /* PBXTargetDependency */,
			);
			name = SHIELDUITests;
			productName = SHIELDUITests;
			productReference = 955DBD9D1FC43D1700D191D9 /* SHIELDUITests.xctest */;
			productType = "com.apple.product-type.bundle.ui-testing";
		};
/* End PBXNativeTarget section */

/* Begin PBXProject section */
		955DBD761FC43D1700D191D9 /* Project object */ = {
			isa = PBXProject;
			attributes = {
				LastSwiftUpdateCheck = 0830;
				LastUpgradeCheck = 0830;
				ORGANIZATIONNAME = "Saransh Mittal";
				TargetAttributes = {
					955DBD7D1FC43D1700D191D9 = {
						CreatedOnToolsVersion = 8.3.3;
						DevelopmentTeam = JCRFV5ZL52;
						LastSwiftMigration = 0920;
						ProvisioningStyle = Automatic;
					};
					955DBD911FC43D1700D191D9 = {
						CreatedOnToolsVersion = 8.3.3;
						DevelopmentTeam = JCRFV5ZL52;
						ProvisioningStyle = Automatic;
						TestTargetID = 955DBD7D1FC43D1700D191D9;
					};
					955DBD9C1FC43D1700D191D9 = {
						CreatedOnToolsVersion = 8.3.3;
						DevelopmentTeam = JCRFV5ZL52;
						ProvisioningStyle = Automatic;
						TestTargetID = 955DBD7D1FC43D1700D191D9;
					};
				};
			};
			buildConfigurationList = 955DBD791FC43D1700D191D9 /* Build configuration list for PBXProject "SHIELD" */;
			compatibilityVersion = "Xcode 3.2";
			developmentRegion = English;
			hasScannedForEncodings = 0;
			knownRegions = (
				en,
				Base,
			);
			mainGroup = 955DBD751FC43D1700D191D9;
			productRefGroup = 955DBD7F1FC43D1700D191D9 /* Products */;
			projectDirPath = "";
			projectRoot = "";
			targets = (
				955DBD7D1FC43D1700D191D9 /* SHIELD */,
				955DBD911FC43D1700D191D9 /* SHIELDTests */,
				955DBD9C1FC43D1700D191D9 /* SHIELDUITests */,
			);
		};
/* End PBXProject section */

/* Begin PBXResourcesBuildPhase section */
		955DBD7C1FC43D1700D191D9 /* Resources */ = {
			isa = PBXResourcesBuildPhase;
			buildActionMask = 2147483647;
			files = (
				955DBD8C1FC43D1700D191D9 /* LaunchScreen.storyboard in Resources */,
				955DBDB41FC486EB00D191D9 /* GoogleService-Info.plist in Resources */,
				955DBD891FC43D1700D191D9 /* Assets.xcassets in Resources */,
				95BFD97D2008F56B00F65439 /* data.json in Resources */,
				955DBD871FC43D1700D191D9 /* Main.storyboard in Resources */,
			);
			runOnlyForDeploymentPostprocessing = 0;
		};
		955DBD901FC43D1700D191D9 /* Resources */ = {
			isa = PBXResourcesBuildPhase;
			buildActionMask = 2147483647;
			files = (
			);
			runOnlyForDeploymentPostprocessing = 0;
		};
		955DBD9B1FC43D1700D191D9 /* Resources */ = {
			isa = PBXResourcesBuildPhase;
			buildActionMask = 2147483647;
			files = (
			);
			runOnlyForDeploymentPostprocessing = 0;
		};
/* End PBXResourcesBuildPhase section */

/* Begin PBXShellScriptBuildPhase section */
		145949FC53C768730FADF6D0 /* [CP] Copy Pods Resources */ = {
			isa = PBXShellScriptBuildPhase;
			buildActionMask = 2147483647;
			files = (
			);
			inputPaths = (
			);
			name = "[CP] Copy Pods Resources";
			outputPaths = (
			);
			runOnlyForDeploymentPostprocessing = 0;
			shellPath = /bin/sh;
			shellScript = "\"${SRCROOT}/Pods/Target Support Files/Pods-SHIELDTests/Pods-SHIELDTests-resources.sh\"\n";
			showEnvVarsInLog = 0;
		};
		5B8B9BB4965E8DB1CEB4E689 /* [CP] Copy Pods Resources */ = {
			isa = PBXShellScriptBuildPhase;
			buildActionMask = 2147483647;
			files = (
			);
			inputPaths = (
			);
			name = "[CP] Copy Pods Resources";
			outputPaths = (
			);
			runOnlyForDeploymentPostprocessing = 0;
			shellPath = /bin/sh;
			shellScript = "\"${SRCROOT}/Pods/Target Support Files/Pods-SHIELDUITests/Pods-SHIELDUITests-resources.sh\"\n";
			showEnvVarsInLog = 0;
		};
		5FC76258494763F70953CFDF /* [CP] Embed Pods Frameworks */ = {
			isa = PBXShellScriptBuildPhase;
			buildActionMask = 2147483647;
			files = (
			);
			inputPaths = (
			);
			name = "[CP] Embed Pods Frameworks";
			outputPaths = (
			);
			runOnlyForDeploymentPostprocessing = 0;
			shellPath = /bin/sh;
			shellScript = "\"${SRCROOT}/Pods/Target Support Files/Pods-SHIELDUITests/Pods-SHIELDUITests-frameworks.sh\"\n";
			showEnvVarsInLog = 0;
		};
		6A335B4C1AB3C8F354B61717 /* [CP] Embed Pods Frameworks */ = {
			isa = PBXShellScriptBuildPhase;
			buildActionMask = 2147483647;
			files = (
			);
			inputPaths = (
			);
			name = "[CP] Embed Pods Frameworks";
			outputPaths = (
			);
			runOnlyForDeploymentPostprocessing = 0;
			shellPath = /bin/sh;
			shellScript = "\"${SRCROOT}/Pods/Target Support Files/Pods-SHIELDTests/Pods-SHIELDTests-frameworks.sh\"\n";
			showEnvVarsInLog = 0;
		};
		767F04765ED07EC3EB2B2D71 /* [CP] Check Pods Manifest.lock */ = {
			isa = PBXShellScriptBuildPhase;
			buildActionMask = 2147483647;
			files = (
			);
			inputPaths = (
				"${PODS_PODFILE_DIR_PATH}/Podfile.lock",
				"${PODS_ROOT}/Manifest.lock",
			);
			name = "[CP] Check Pods Manifest.lock";
			outputPaths = (
				"$(DERIVED_FILE_DIR)/Pods-SHIELDTests-checkManifestLockResult.txt",
			);
			runOnlyForDeploymentPostprocessing = 0;
			shellPath = /bin/sh;
			shellScript = "diff \"${PODS_PODFILE_DIR_PATH}/Podfile.lock\" \"${PODS_ROOT}/Manifest.lock\" > /dev/null\nif [ $? != 0 ] ; then\n    # print error to STDERR\n    echo \"error: The sandbox is not in sync with the Podfile.lock. Run 'pod install' or update your CocoaPods installation.\" >&2\n    exit 1\nfi\n# This output is used by Xcode 'outputs' to avoid re-running this script phase.\necho \"SUCCESS\" > \"${SCRIPT_OUTPUT_FILE_0}\"\n";
			showEnvVarsInLog = 0;
		};
		83E500A3792945465F08C682 /* [CP] Check Pods Manifest.lock */ = {
			isa = PBXShellScriptBuildPhase;
			buildActionMask = 2147483647;
			files = (
			);
			inputPaths = (
				"${PODS_PODFILE_DIR_PATH}/Podfile.lock",
				"${PODS_ROOT}/Manifest.lock",
			);
			name = "[CP] Check Pods Manifest.lock";
			outputPaths = (
				"$(DERIVED_FILE_DIR)/Pods-SHIELD-checkManifestLockResult.txt",
			);
			runOnlyForDeploymentPostprocessing = 0;
			shellPath = /bin/sh;
			shellScript = "diff \"${PODS_PODFILE_DIR_PATH}/Podfile.lock\" \"${PODS_ROOT}/Manifest.lock\" > /dev/null\nif [ $? != 0 ] ; then\n    # print error to STDERR\n    echo \"error: The sandbox is not in sync with the Podfile.lock. Run 'pod install' or update your CocoaPods installation.\" >&2\n    exit 1\nfi\n# This output is used by Xcode 'outputs' to avoid re-running this script phase.\necho \"SUCCESS\" > \"${SCRIPT_OUTPUT_FILE_0}\"\n";
			showEnvVarsInLog = 0;
		};
		9BD8163B60835421986511F4 /* [CP] Check Pods Manifest.lock */ = {
			isa = PBXShellScriptBuildPhase;
			buildActionMask = 2147483647;
			files = (
			);
			inputPaths = (
				"${PODS_PODFILE_DIR_PATH}/Podfile.lock",
				"${PODS_ROOT}/Manifest.lock",
			);
			name = "[CP] Check Pods Manifest.lock";
			outputPaths = (
				"$(DERIVED_FILE_DIR)/Pods-SHIELDUITests-checkManifestLockResult.txt",
			);
			runOnlyForDeploymentPostprocessing = 0;
			shellPath = /bin/sh;
			shellScript = "diff \"${PODS_PODFILE_DIR_PATH}/Podfile.lock\" \"${PODS_ROOT}/Manifest.lock\" > /dev/null\nif [ $? != 0 ] ; then\n    # print error to STDERR\n    echo \"error: The sandbox is not in sync with the Podfile.lock. Run 'pod install' or update your CocoaPods installation.\" >&2\n    exit 1\nfi\n# This output is used by Xcode 'outputs' to avoid re-running this script phase.\necho \"SUCCESS\" > \"${SCRIPT_OUTPUT_FILE_0}\"\n";
			showEnvVarsInLog = 0;
		};
		BA8281C5D8131B7A85F79450 /* [CP] Embed Pods Frameworks */ = {
			isa = PBXShellScriptBuildPhase;
			buildActionMask = 2147483647;
			files = (
			);
			inputPaths = (
				"${SRCROOT}/Pods/Target Support Files/Pods-SHIELD/Pods-SHIELD-frameworks.sh",
				"${BUILT_PRODUCTS_DIR}/GTMSessionFetcher/GTMSessionFetcher.framework",
				"${BUILT_PRODUCTS_DIR}/GoogleToolboxForMac/GoogleToolboxForMac.framework",
				"${BUILT_PRODUCTS_DIR}/lottie-ios/Lottie.framework",
			);
			name = "[CP] Embed Pods Frameworks";
			outputPaths = (
				"${TARGET_BUILD_DIR}/${FRAMEWORKS_FOLDER_PATH}/GTMSessionFetcher.framework",
				"${TARGET_BUILD_DIR}/${FRAMEWORKS_FOLDER_PATH}/GoogleToolboxForMac.framework",
				"${TARGET_BUILD_DIR}/${FRAMEWORKS_FOLDER_PATH}/Lottie.framework",
			);
			runOnlyForDeploymentPostprocessing = 0;
			shellPath = /bin/sh;
			shellScript = "\"${SRCROOT}/Pods/Target Support Files/Pods-SHIELD/Pods-SHIELD-frameworks.sh\"\n";
			showEnvVarsInLog = 0;
		};
		C2100EE5B1426420BF68522F /* [CP] Copy Pods Resources */ = {
			isa = PBXShellScriptBuildPhase;
			buildActionMask = 2147483647;
			files = (
			);
			inputPaths = (
			);
			name = "[CP] Copy Pods Resources";
			outputPaths = (
			);
			runOnlyForDeploymentPostprocessing = 0;
			shellPath = /bin/sh;
			shellScript = "\"${SRCROOT}/Pods/Target Support Files/Pods-SHIELD/Pods-SHIELD-resources.sh\"\n";
			showEnvVarsInLog = 0;
		};
/* End PBXShellScriptBuildPhase section */

/* Begin PBXSourcesBuildPhase section */
		955DBD7A1FC43D1700D191D9 /* Sources */ = {
			isa = PBXSourcesBuildPhase;
			buildActionMask = 2147483647;
			files = (
				9570FFCA2003EEF100DF4A07 /* ProfileTableViewCell.swift in Sources */,
				95E350B520151DDC0090AABE /* HomeTabBarController.swift in Sources */,
				95BFD97F2008F80B00F65439 /* DepartmentMessagesViewController.swift in Sources */,
				9570FFBF20029E8E00DF4A07 /* MembersViewController.swift in Sources */,
				955DBD821FC43D1700D191D9 /* AppDelegate.swift in Sources */,
				95BFD9832008FBFD00F65439 /* RippleEffect.swift in Sources */,
				9570FFC72003EA1B00DF4A07 /* ProfileViewController.swift in Sources */,
				9570FFBD20029E7B00DF4A07 /* MembersTableViewCell.swift in Sources */,
				95BFD9812008F95D00F65439 /* departmentMessagesTableViewCell.swift in Sources */,
			);
			runOnlyForDeploymentPostprocessing = 0;
		};
		955DBD8E1FC43D1700D191D9 /* Sources */ = {
			isa = PBXSourcesBuildPhase;
			buildActionMask = 2147483647;
			files = (
				955DBD971FC43D1700D191D9 /* SHIELDTests.swift in Sources */,
			);
			runOnlyForDeploymentPostprocessing = 0;
		};
		955DBD991FC43D1700D191D9 /* Sources */ = {
			isa = PBXSourcesBuildPhase;
			buildActionMask = 2147483647;
			files = (
				955DBDA21FC43D1700D191D9 /* SHIELDUITests.swift in Sources */,
			);
			runOnlyForDeploymentPostprocessing = 0;
		};
/* End PBXSourcesBuildPhase section */

/* Begin PBXTargetDependency section */
		955DBD941FC43D1700D191D9 /* PBXTargetDependency */ = {
			isa = PBXTargetDependency;
			target = 955DBD7D1FC43D1700D191D9 /* SHIELD */;
			targetProxy = 955DBD931FC43D1700D191D9 /* PBXContainerItemProxy */;
		};
		955DBD9F1FC43D1700D191D9 /* PBXTargetDependency */ = {
			isa = PBXTargetDependency;
			target = 955DBD7D1FC43D1700D191D9 /* SHIELD */;
			targetProxy = 955DBD9E1FC43D1700D191D9 /* PBXContainerItemProxy */;
		};
/* End PBXTargetDependency section */

/* Begin PBXVariantGroup section */
		955DBD851FC43D1700D191D9 /* Main.storyboard */ = {
			isa = PBXVariantGroup;
			children = (
				955DBD861FC43D1700D191D9 /* Base */,
			);
			name = Main.storyboard;
			sourceTree = "<group>";
		};
		955DBD8A1FC43D1700D191D9 /* LaunchScreen.storyboard */ = {
			isa = PBXVariantGroup;
			children = (
				955DBD8B1FC43D1700D191D9 /* Base */,
			);
			name = LaunchScreen.storyboard;
			sourceTree = "<group>";
		};
/* End PBXVariantGroup section */

/* Begin XCBuildConfiguration section */
		955DBDA41FC43D1700D191D9 /* Debug */ = {
			isa = XCBuildConfiguration;
			buildSettings = {
				ALWAYS_SEARCH_USER_PATHS = NO;
				CLANG_ANALYZER_NONNULL = YES;
				CLANG_ANALYZER_NUMBER_OBJECT_CONVERSION = YES_AGGRESSIVE;
				CLANG_CXX_LANGUAGE_STANDARD = "gnu++0x";
				CLANG_CXX_LIBRARY = "libc++";
				CLANG_ENABLE_MODULES = YES;
				CLANG_ENABLE_OBJC_ARC = YES;
				CLANG_WARN_BOOL_CONVERSION = YES;
				CLANG_WARN_CONSTANT_CONVERSION = YES;
				CLANG_WARN_DIRECT_OBJC_ISA_USAGE = YES_ERROR;
				CLANG_WARN_DOCUMENTATION_COMMENTS = YES;
				CLANG_WARN_EMPTY_BODY = YES;
				CLANG_WARN_ENUM_CONVERSION = YES;
				CLANG_WARN_INFINITE_RECURSION = YES;
				CLANG_WARN_INT_CONVERSION = YES;
				CLANG_WARN_OBJC_ROOT_CLASS = YES_ERROR;
				CLANG_WARN_SUSPICIOUS_MOVE = YES;
				CLANG_WARN_UNREACHABLE_CODE = YES;
				CLANG_WARN__DUPLICATE_METHOD_MATCH = YES;
				"CODE_SIGN_IDENTITY[sdk=iphoneos*]" = "iPhone Developer";
				COPY_PHASE_STRIP = NO;
				DEBUG_INFORMATION_FORMAT = dwarf;
				ENABLE_STRICT_OBJC_MSGSEND = YES;
				ENABLE_TESTABILITY = YES;
				GCC_C_LANGUAGE_STANDARD = gnu99;
				GCC_DYNAMIC_NO_PIC = NO;
				GCC_NO_COMMON_BLOCKS = YES;
				GCC_OPTIMIZATION_LEVEL = 0;
				GCC_PREPROCESSOR_DEFINITIONS = (
					"DEBUG=1",
					"$(inherited)",
				);
				GCC_WARN_64_TO_32_BIT_CONVERSION = YES;
				GCC_WARN_ABOUT_RETURN_TYPE = YES_ERROR;
				GCC_WARN_UNDECLARED_SELECTOR = YES;
				GCC_WARN_UNINITIALIZED_AUTOS = YES_AGGRESSIVE;
				GCC_WARN_UNUSED_FUNCTION = YES;
				GCC_WARN_UNUSED_VARIABLE = YES;
				IPHONEOS_DEPLOYMENT_TARGET = 10.3;
				MTL_ENABLE_DEBUG_INFO = YES;
				ONLY_ACTIVE_ARCH = YES;
				SDKROOT = iphoneos;
				SWIFT_ACTIVE_COMPILATION_CONDITIONS = DEBUG;
				SWIFT_OPTIMIZATION_LEVEL = "-Onone";
				TARGETED_DEVICE_FAMILY = "1,2";
			};
			name = Debug;
		};
		955DBDA51FC43D1700D191D9 /* Release */ = {
			isa = XCBuildConfiguration;
			buildSettings = {
				ALWAYS_SEARCH_USER_PATHS = NO;
				CLANG_ANALYZER_NONNULL = YES;
				CLANG_ANALYZER_NUMBER_OBJECT_CONVERSION = YES_AGGRESSIVE;
				CLANG_CXX_LANGUAGE_STANDARD = "gnu++0x";
				CLANG_CXX_LIBRARY = "libc++";
				CLANG_ENABLE_MODULES = YES;
				CLANG_ENABLE_OBJC_ARC = YES;
				CLANG_WARN_BOOL_CONVERSION = YES;
				CLANG_WARN_CONSTANT_CONVERSION = YES;
				CLANG_WARN_DIRECT_OBJC_ISA_USAGE = YES_ERROR;
				CLANG_WARN_DOCUMENTATION_COMMENTS = YES;
				CLANG_WARN_EMPTY_BODY = YES;
				CLANG_WARN_ENUM_CONVERSION = YES;
				CLANG_WARN_INFINITE_RECURSION = YES;
				CLANG_WARN_INT_CONVERSION = YES;
				CLANG_WARN_OBJC_ROOT_CLASS = YES_ERROR;
				CLANG_WARN_SUSPICIOUS_MOVE = YES;
				CLANG_WARN_UNREACHABLE_CODE = YES;
				CLANG_WARN__DUPLICATE_METHOD_MATCH = YES;
				"CODE_SIGN_IDENTITY[sdk=iphoneos*]" = "iPhone Developer";
				COPY_PHASE_STRIP = NO;
				DEBUG_INFORMATION_FORMAT = "dwarf-with-dsym";
				ENABLE_NS_ASSERTIONS = NO;
				ENABLE_STRICT_OBJC_MSGSEND = YES;
				GCC_C_LANGUAGE_STANDARD = gnu99;
				GCC_NO_COMMON_BLOCKS = YES;
				GCC_WARN_64_TO_32_BIT_CONVERSION = YES;
				GCC_WARN_ABOUT_RETURN_TYPE = YES_ERROR;
				GCC_WARN_UNDECLARED_SELECTOR = YES;
				GCC_WARN_UNINITIALIZED_AUTOS = YES_AGGRESSIVE;
				GCC_WARN_UNUSED_FUNCTION = YES;
				GCC_WARN_UNUSED_VARIABLE = YES;
				IPHONEOS_DEPLOYMENT_TARGET = 10.3;
				MTL_ENABLE_DEBUG_INFO = NO;
				SDKROOT = iphoneos;
				SWIFT_OPTIMIZATION_LEVEL = "-Owholemodule";
				TARGETED_DEVICE_FAMILY = "1,2";
				VALIDATE_PRODUCT = YES;
			};
			name = Release;
		};
		955DBDA71FC43D1700D191D9 /* Debug */ = {
			isa = XCBuildConfiguration;
			baseConfigurationReference = 403C9623256445CB05639EDC /* Pods-SHIELD.debug.xcconfig */;
			buildSettings = {
				ASSETCATALOG_COMPILER_APPICON_NAME = AppIcon;
				CLANG_ENABLE_MODULES = YES;
				DEVELOPMENT_TEAM = JCRFV5ZL52;
				INFOPLIST_FILE = SHIELD/Info.plist;
				IPHONEOS_DEPLOYMENT_TARGET = 9.0;
				LD_RUNPATH_SEARCH_PATHS = "$(inherited) @executable_path/Frameworks";
				PRODUCT_BUNDLE_IDENTIFIER = skyblue.SHIELD;
				PRODUCT_NAME = "$(TARGET_NAME)";
				SWIFT_OPTIMIZATION_LEVEL = "-Onone";
				SWIFT_VERSION = 3.0;
			};
			name = Debug;
		};
		955DBDA81FC43D1700D191D9 /* Release */ = {
			isa = XCBuildConfiguration;
			baseConfigurationReference = 5ECB8E7F638245331B2A7CB4 /* Pods-SHIELD.release.xcconfig */;
			buildSettings = {
				ASSETCATALOG_COMPILER_APPICON_NAME = AppIcon;
				CLANG_ENABLE_MODULES = YES;
				DEVELOPMENT_TEAM = JCRFV5ZL52;
				INFOPLIST_FILE = SHIELD/Info.plist;
				IPHONEOS_DEPLOYMENT_TARGET = 9.0;
				LD_RUNPATH_SEARCH_PATHS = "$(inherited) @executable_path/Frameworks";
				PRODUCT_BUNDLE_IDENTIFIER = skyblue.SHIELD;
				PRODUCT_NAME = "$(TARGET_NAME)";
				SWIFT_VERSION = 3.0;
			};
			name = Release;
		};
		955DBDAA1FC43D1700D191D9 /* Debug */ = {
			isa = XCBuildConfiguration;
			baseConfigurationReference = ABFCE6677E4CC759BA6C6C82 /* Pods-SHIELDTests.debug.xcconfig */;
			buildSettings = {
				ALWAYS_EMBED_SWIFT_STANDARD_LIBRARIES = YES;
				BUNDLE_LOADER = "$(TEST_HOST)";
				DEVELOPMENT_TEAM = JCRFV5ZL52;
				INFOPLIST_FILE = SHIELDTests/Info.plist;
				LD_RUNPATH_SEARCH_PATHS = "$(inherited) @executable_path/Frameworks @loader_path/Frameworks";
				PRODUCT_BUNDLE_IDENTIFIER = skyblue.SHIELDTests;
				PRODUCT_NAME = "$(TARGET_NAME)";
				SWIFT_VERSION = 3.0;
				TEST_HOST = "$(BUILT_PRODUCTS_DIR)/SHIELD.app/SHIELD";
			};
			name = Debug;
		};
		955DBDAB1FC43D1700D191D9 /* Release */ = {
			isa = XCBuildConfiguration;
			baseConfigurationReference = 38A9FDD133B6D02835AD505A /* Pods-SHIELDTests.release.xcconfig */;
			buildSettings = {
				ALWAYS_EMBED_SWIFT_STANDARD_LIBRARIES = YES;
				BUNDLE_LOADER = "$(TEST_HOST)";
				DEVELOPMENT_TEAM = JCRFV5ZL52;
				INFOPLIST_FILE = SHIELDTests/Info.plist;
				LD_RUNPATH_SEARCH_PATHS = "$(inherited) @executable_path/Frameworks @loader_path/Frameworks";
				PRODUCT_BUNDLE_IDENTIFIER = skyblue.SHIELDTests;
				PRODUCT_NAME = "$(TARGET_NAME)";
				SWIFT_VERSION = 3.0;
				TEST_HOST = "$(BUILT_PRODUCTS_DIR)/SHIELD.app/SHIELD";
			};
			name = Release;
		};
		955DBDAD1FC43D1700D191D9 /* Debug */ = {
			isa = XCBuildConfiguration;
			baseConfigurationReference = 0B761AB91FE9B712270AC92D /* Pods-SHIELDUITests.debug.xcconfig */;
			buildSettings = {
				ALWAYS_EMBED_SWIFT_STANDARD_LIBRARIES = YES;
				DEVELOPMENT_TEAM = JCRFV5ZL52;
				INFOPLIST_FILE = SHIELDUITests/Info.plist;
				LD_RUNPATH_SEARCH_PATHS = "$(inherited) @executable_path/Frameworks @loader_path/Frameworks";
				PRODUCT_BUNDLE_IDENTIFIER = skyblue.SHIELDUITests;
				PRODUCT_NAME = "$(TARGET_NAME)";
				SWIFT_VERSION = 3.0;
				TEST_TARGET_NAME = SHIELD;
			};
			name = Debug;
		};
		955DBDAE1FC43D1700D191D9 /* Release */ = {
			isa = XCBuildConfiguration;
			baseConfigurationReference = 4DEE30880843FB9ABB86A8C7 /* Pods-SHIELDUITests.release.xcconfig */;
			buildSettings = {
				ALWAYS_EMBED_SWIFT_STANDARD_LIBRARIES = YES;
				DEVELOPMENT_TEAM = JCRFV5ZL52;
				INFOPLIST_FILE = SHIELDUITests/Info.plist;
				LD_RUNPATH_SEARCH_PATHS = "$(inherited) @executable_path/Frameworks @loader_path/Frameworks";
				PRODUCT_BUNDLE_IDENTIFIER = skyblue.SHIELDUITests;
				PRODUCT_NAME = "$(TARGET_NAME)";
				SWIFT_VERSION = 3.0;
				TEST_TARGET_NAME = SHIELD;
			};
			name = Release;
		};
/* End XCBuildConfiguration section */

/* Begin XCConfigurationList section */
		955DBD791FC43D1700D191D9 /* Build configuration list for PBXProject "SHIELD" */ = {
			isa = XCConfigurationList;
			buildConfigurations = (
				955DBDA41FC43D1700D191D9 /* Debug */,
				955DBDA51FC43D1700D191D9 /* Release */,
			);
			defaultConfigurationIsVisible = 0;
			defaultConfigurationName = Release;
		};
		955DBDA61FC43D1700D191D9 /* Build configuration list for PBXNativeTarget "SHIELD" */ = {
			isa = XCConfigurationList;
			buildConfigurations = (
				955DBDA71FC43D1700D191D9 /* Debug */,
				955DBDA81FC43D1700D191D9 /* Release */,
			);
			defaultConfigurationIsVisible = 0;
			defaultConfigurationName = Release;
		};
		955DBDA91FC43D1700D191D9 /* Build configuration list for PBXNativeTarget "SHIELDTests" */ = {
			isa = XCConfigurationList;
			buildConfigurations = (
				955DBDAA1FC43D1700D191D9 /* Debug */,
				955DBDAB1FC43D1700D191D9 /* Release */,
			);
			defaultConfigurationIsVisible = 0;
			defaultConfigurationName = Release;
		};
		955DBDAC1FC43D1700D191D9 /* Build configuration list for PBXNativeTarget "SHIELDUITests" */ = {
			isa = XCConfigurationList;
			buildConfigurations = (
				955DBDAD1FC43D1700D191D9 /* Debug */,
				955DBDAE1FC43D1700D191D9 /* Release */,
			);
			defaultConfigurationIsVisible = 0;
			defaultConfigurationName = Release;
		};
/* End XCConfigurationList section */
	};
	rootObject = 955DBD761FC43D1700D191D9 /* Project object */;
}
